
Microsoft Visual Studio Solution File, Format Version 12.00
# Visual Studio Version 17
VisualStudioVersion = 17.3.32825.248
MinimumVisualStudioVersion = 10.0.40219.1
Project("{FAE04EC0-301F-11D3-BF4B-00C04F79EFBC}") = "MVCTestProject1", "MVCTestProject1\MVCTestProject1.csproj", "{2D5434D4-81B4-4876-9D85-156A017DC9BD}"
EndProject
Global
	GlobalSection(SolutionConfigurationPlatforms) = preSolution
		Debug|Any CPU = Debug|Any CPU
		Release|Any CPU = Release|Any CPU
	EndGlobalSection
	GlobalSection(ProjectConfigurationPlatforms) = postSolution
		{2D5434D4-81B4-4876-9D85-156A017DC9BD}.Debug|Any CPU.ActiveCfg = Debug|Any CPU
		{2D5434D4-81B4-4876-9D85-156A017DC9BD}.Debug|Any CPU.Build.0 = Debug|Any CPU
		{2D5434D4-81B4-4876-9D85-156A017DC9BD}.Release|Any CPU.ActiveCfg = Release|Any CPU
		{2D5434D4-81B4-4876-9D85-156A017DC9BD}.Release|Any CPU.Build.0 = Release|Any CPU
	EndGlobalSection
	GlobalSection(SolutionProperties) = preSolution
		HideSolutionNode = FALSE
	EndGlobalSection
	GlobalSection(ExtensibilityGlobals) = postSolution
		SolutionGuid = {E6B14769-8B4C-4065-92DA-6C13C95820BF}
	EndGlobalSection
EndGlobal
